
Microsoft Visual Studio Solution File, Format Version 12.00
# Visual Studio Version 17
VisualStudioVersion = 17.0.31903.59
MinimumVisualStudioVersion = 10.0.40219.1
Project("{FAE04EC0-301F-11D3-BF4B-00C04F79EFBC}") = "BasicTodoList", "BasicTodoList.csproj", "{75508CCC-F22C-4550-9A91-CE46EC12CA59}"
EndProject
Global
	GlobalSection(SolutionConfigurationPlatforms) = preSolution
		Debug|Any CPU = Debug|Any CPU
		Release|Any CPU = Release|Any CPU
	EndGlobalSection
	GlobalSection(ProjectConfigurationPlatforms) = postSolution
		{75508CCC-F22C-4550-9A91-CE46EC12CA59}.Debug|Any CPU.ActiveCfg = Debug|Any CPU
		{75508CCC-F22C-4550-9A91-CE46EC12CA59}.Debug|Any CPU.Build.0 = Debug|Any CPU
		{75508CCC-F22C-4550-9A91-CE46EC12CA59}.Release|Any CPU.ActiveCfg = Release|Any CPU
		{75508CCC-F22C-4550-9A91-CE46EC12CA59}.Release|Any CPU.Build.0 = Release|Any CPU
	EndGlobalSection
	GlobalSection(SolutionProperties) = preSolution
		HideSolutionNode = FALSE
	EndGlobalSection
	GlobalSection(ExtensibilityGlobals) = postSolution
		SolutionGuid = {64E98273-7E72-47A1-932C-C814883D8242}
	EndGlobalSection
EndGlobal
